
Microsoft Visual Studio Solution File, Format Version 12.00
# Visual Studio Version 17
VisualStudioVersion = 17.1.32421.90
MinimumVisualStudioVersion = 10.0.40219.1
Project("{FAE04EC0-301F-11D3-BF4B-00C04F79EFBC}") = "CWI.Dojo.Pokemon.Application", "CWI.Dojo.Pokemon.Application\CWI.Dojo.Pokemon.Application.csproj", "{8002CBBC-A934-46EF-9ED9-53E58FC43F5B}"
EndProject
Global
	GlobalSection(SolutionConfigurationPlatforms) = preSolution
		Debug|Any CPU = Debug|Any CPU
		Release|Any CPU = Release|Any CPU
	EndGlobalSection
	GlobalSection(ProjectConfigurationPlatforms) = postSolution
		{8002CBBC-A934-46EF-9ED9-53E58FC43F5B}.Debug|Any CPU.ActiveCfg = Debug|Any CPU
		{8002CBBC-A934-46EF-9ED9-53E58FC43F5B}.Debug|Any CPU.Build.0 = Debug|Any CPU
		{8002CBBC-A934-46EF-9ED9-53E58FC43F5B}.Release|Any CPU.ActiveCfg = Release|Any CPU
		{8002CBBC-A934-46EF-9ED9-53E58FC43F5B}.Release|Any CPU.Build.0 = Release|Any CPU
	EndGlobalSection
	GlobalSection(SolutionProperties) = preSolution
		HideSolutionNode = FALSE
	EndGlobalSection
	GlobalSection(ExtensibilityGlobals) = postSolution
		SolutionGuid = {230B78A1-64A9-44A0-93D3-0834C2BA9CD2}
	EndGlobalSection
EndGlobal
