
Microsoft Visual Studio Solution File, Format Version 12.00
# Visual Studio Version 16
VisualStudioVersion = 16.0.30114.105
MinimumVisualStudioVersion = 10.0.40219.1
Project("{2150E333-8FDC-42A3-9474-1A3956D46DE8}") = "01-application", "01-application", "{F826AEA9-6CEA-4C80-8E62-D42353210929}"
EndProject
Project("{FAE04EC0-301F-11D3-BF4B-00C04F79EFBC}") = "WebApiErrorHandle.Application", "WebApiErrorHandle.Application\WebApiErrorHandle.Application.csproj", "{2F0D3D41-E175-4C87-85BC-8EC4C9D32E40}"
EndProject
Global
	GlobalSection(SolutionConfigurationPlatforms) = preSolution
		Debug|Any CPU = Debug|Any CPU
		Release|Any CPU = Release|Any CPU
	EndGlobalSection
	GlobalSection(SolutionProperties) = preSolution
		HideSolutionNode = FALSE
	EndGlobalSection
	GlobalSection(ProjectConfigurationPlatforms) = postSolution
		{2F0D3D41-E175-4C87-85BC-8EC4C9D32E40}.Debug|Any CPU.ActiveCfg = Debug|Any CPU
		{2F0D3D41-E175-4C87-85BC-8EC4C9D32E40}.Debug|Any CPU.Build.0 = Debug|Any CPU
		{2F0D3D41-E175-4C87-85BC-8EC4C9D32E40}.Release|Any CPU.ActiveCfg = Release|Any CPU
		{2F0D3D41-E175-4C87-85BC-8EC4C9D32E40}.Release|Any CPU.Build.0 = Release|Any CPU
	EndGlobalSection
	GlobalSection(NestedProjects) = preSolution
		{2F0D3D41-E175-4C87-85BC-8EC4C9D32E40} = {F826AEA9-6CEA-4C80-8E62-D42353210929}
	EndGlobalSection
EndGlobal
